
Microsoft Visual Studio Solution File, Format Version 12.00
# Visual Studio 15
VisualStudioVersion = 15.0.26124.0
MinimumVisualStudioVersion = 15.0.26124.0
Project("{FAE04EC0-301F-11D3-BF4B-00C04F79EFBC}") = "SnakesAndLadders", "src\SnakesAndLadders\SnakesAndLadders.csproj", "{5740643F-C68C-48E7-945B-5E7C09567B54}"
EndProject
Project("{2150E333-8FDC-42A3-9474-1A3956D46DE8}") = "SnakesAndLadders", "SnakesAndLadders", "{58B6BDFF-99E0-4173-BE8B-6BE773151652}"
EndProject
Project("{FAE04EC0-301F-11D3-BF4B-00C04F79EFBC}") = "SnakesAndLadders.Tests", "src\SnakesAndLadders.Tests\SnakesAndLadders.Tests.csproj", "{63C63994-39BF-46BC-820F-2B20AA6A2D74}"
EndProject
Global
	GlobalSection(SolutionConfigurationPlatforms) = preSolution
		Debug|Any CPU = Debug|Any CPU
		Debug|x64 = Debug|x64
		Debug|x86 = Debug|x86
		Release|Any CPU = Release|Any CPU
		Release|x64 = Release|x64
		Release|x86 = Release|x86
	EndGlobalSection
	GlobalSection(SolutionProperties) = preSolution
		HideSolutionNode = FALSE
	EndGlobalSection
	GlobalSection(ProjectConfigurationPlatforms) = postSolution
		{5740643F-C68C-48E7-945B-5E7C09567B54}.Debug|Any CPU.ActiveCfg = Debug|Any CPU
		{5740643F-C68C-48E7-945B-5E7C09567B54}.Debug|Any CPU.Build.0 = Debug|Any CPU
		{5740643F-C68C-48E7-945B-5E7C09567B54}.Debug|x64.ActiveCfg = Debug|Any CPU
		{5740643F-C68C-48E7-945B-5E7C09567B54}.Debug|x64.Build.0 = Debug|Any CPU
		{5740643F-C68C-48E7-945B-5E7C09567B54}.Debug|x86.ActiveCfg = Debug|Any CPU
		{5740643F-C68C-48E7-945B-5E7C09567B54}.Debug|x86.Build.0 = Debug|Any CPU
		{5740643F-C68C-48E7-945B-5E7C09567B54}.Release|Any CPU.ActiveCfg = Release|Any CPU
		{5740643F-C68C-48E7-945B-5E7C09567B54}.Release|Any CPU.Build.0 = Release|Any CPU
		{5740643F-C68C-48E7-945B-5E7C09567B54}.Release|x64.ActiveCfg = Release|Any CPU
		{5740643F-C68C-48E7-945B-5E7C09567B54}.Release|x64.Build.0 = Release|Any CPU
		{5740643F-C68C-48E7-945B-5E7C09567B54}.Release|x86.ActiveCfg = Release|Any CPU
		{5740643F-C68C-48E7-945B-5E7C09567B54}.Release|x86.Build.0 = Release|Any CPU
		{63C63994-39BF-46BC-820F-2B20AA6A2D74}.Debug|Any CPU.ActiveCfg = Debug|Any CPU
		{63C63994-39BF-46BC-820F-2B20AA6A2D74}.Debug|Any CPU.Build.0 = Debug|Any CPU
		{63C63994-39BF-46BC-820F-2B20AA6A2D74}.Debug|x64.ActiveCfg = Debug|Any CPU
		{63C63994-39BF-46BC-820F-2B20AA6A2D74}.Debug|x64.Build.0 = Debug|Any CPU
		{63C63994-39BF-46BC-820F-2B20AA6A2D74}.Debug|x86.ActiveCfg = Debug|Any CPU
		{63C63994-39BF-46BC-820F-2B20AA6A2D74}.Debug|x86.Build.0 = Debug|Any CPU
		{63C63994-39BF-46BC-820F-2B20AA6A2D74}.Release|Any CPU.ActiveCfg = Release|Any CPU
		{63C63994-39BF-46BC-820F-2B20AA6A2D74}.Release|Any CPU.Build.0 = Release|Any CPU
		{63C63994-39BF-46BC-820F-2B20AA6A2D74}.Release|x64.ActiveCfg = Release|Any CPU
		{63C63994-39BF-46BC-820F-2B20AA6A2D74}.Release|x64.Build.0 = Release|Any CPU
		{63C63994-39BF-46BC-820F-2B20AA6A2D74}.Release|x86.ActiveCfg = Release|Any CPU
		{63C63994-39BF-46BC-820F-2B20AA6A2D74}.Release|x86.Build.0 = Release|Any CPU
	EndGlobalSection
	GlobalSection(NestedProjects) = preSolution
		{5740643F-C68C-48E7-945B-5E7C09567B54} = {58B6BDFF-99E0-4173-BE8B-6BE773151652}
		{63C63994-39BF-46BC-820F-2B20AA6A2D74} = {58B6BDFF-99E0-4173-BE8B-6BE773151652}
	EndGlobalSection
EndGlobal
